
Microsoft Visual Studio Solution File, Format Version 12.00
# Visual Studio 15
VisualStudioVersion = 15.0.26730.16
MinimumVisualStudioVersion = 10.0.40219.1
Project("{FAE04EC0-301F-11D3-BF4B-00C04F79EFBC}") = "WpfCaret", "WpfCaret\WpfCaret.csproj", "{F30C1696-F57E-4E86-8DEF-1821B271BCF4}"
EndProject
Global
	GlobalSection(SolutionConfigurationPlatforms) = preSolution
		Debug|Any CPU = Debug|Any CPU
		Release|Any CPU = Release|Any CPU
	EndGlobalSection
	GlobalSection(ProjectConfigurationPlatforms) = postSolution
		{F30C1696-F57E-4E86-8DEF-1821B271BCF4}.Debug|Any CPU.ActiveCfg = Debug|Any CPU
		{F30C1696-F57E-4E86-8DEF-1821B271BCF4}.Debug|Any CPU.Build.0 = Debug|Any CPU
		{F30C1696-F57E-4E86-8DEF-1821B271BCF4}.Release|Any CPU.ActiveCfg = Release|Any CPU
		{F30C1696-F57E-4E86-8DEF-1821B271BCF4}.Release|Any CPU.Build.0 = Release|Any CPU
	EndGlobalSection
	GlobalSection(SolutionProperties) = preSolution
		HideSolutionNode = FALSE
	EndGlobalSection
	GlobalSection(ExtensibilityGlobals) = postSolution
		SolutionGuid = {2580DD92-DA65-45B7-93AF-8B6E0017BD71}
	EndGlobalSection
EndGlobal
